
Microsoft Visual Studio Solution File, Format Version 12.00
# Visual Studio Version 16
VisualStudioVersion = 16.0.30804.86
MinimumVisualStudioVersion = 10.0.40219.1
Project("{FAE04EC0-301F-11D3-BF4B-00C04F79EFBC}") = "TestWPF", "TestWPF\TestWPF.csproj", "{9CD41F2D-407C-426B-BD24-8A00D7C3206F}"
EndProject
Global
	GlobalSection(SolutionConfigurationPlatforms) = preSolution
		Debug|Any CPU = Debug|Any CPU
		Release|Any CPU = Release|Any CPU
	EndGlobalSection
	GlobalSection(ProjectConfigurationPlatforms) = postSolution
		{9CD41F2D-407C-426B-BD24-8A00D7C3206F}.Debug|Any CPU.ActiveCfg = Debug|Any CPU
		{9CD41F2D-407C-426B-BD24-8A00D7C3206F}.Debug|Any CPU.Build.0 = Debug|Any CPU
		{9CD41F2D-407C-426B-BD24-8A00D7C3206F}.Release|Any CPU.ActiveCfg = Release|Any CPU
		{9CD41F2D-407C-426B-BD24-8A00D7C3206F}.Release|Any CPU.Build.0 = Release|Any CPU
	EndGlobalSection
	GlobalSection(SolutionProperties) = preSolution
		HideSolutionNode = FALSE
	EndGlobalSection
	GlobalSection(ExtensibilityGlobals) = postSolution
		SolutionGuid = {CFB2B585-3FF1-4156-A959-07CD3D00C5E2}
	EndGlobalSection
EndGlobal
